
Microsoft Visual Studio Solution File, Format Version 12.00
# Visual Studio Version 16
VisualStudioVersion = 25.0.1703.2
MinimumVisualStudioVersion = 10.0.40219.1
Project("{FAE04EC0-301F-11D3-BF4B-00C04F79EFBC}") = "CSharp_BoardGames", "CSharp_BoardGames.csproj", "{B3631497-4875-4B3B-9A9D-330AA01769CA}"
EndProject
Global
	GlobalSection(SolutionConfigurationPlatforms) = preSolution
		Debug|Any CPU = Debug|Any CPU
		Release|Any CPU = Release|Any CPU
	EndGlobalSection
	GlobalSection(ProjectConfigurationPlatforms) = postSolution
		{B3631497-4875-4B3B-9A9D-330AA01769CA}.Debug|Any CPU.ActiveCfg = Debug|Any CPU
		{B3631497-4875-4B3B-9A9D-330AA01769CA}.Debug|Any CPU.Build.0 = Debug|Any CPU
		{B3631497-4875-4B3B-9A9D-330AA01769CA}.Release|Any CPU.ActiveCfg = Release|Any CPU
		{B3631497-4875-4B3B-9A9D-330AA01769CA}.Release|Any CPU.Build.0 = Release|Any CPU
	EndGlobalSection
	GlobalSection(SolutionProperties) = preSolution
		HideSolutionNode = FALSE
	EndGlobalSection
	GlobalSection(ExtensibilityGlobals) = postSolution
		SolutionGuid = {62DE9F99-C6B2-4AA3-AA6D-69E559046730}
	EndGlobalSection
EndGlobal
